// !$*UTF8*$!
{
	archiveVersion = 1;
	classes = {
	};
	objectVersion = 46;
	objects = {

/* Begin PBXBuildFile section */
		1339FC4E1BD47ECA0066F6EC /* main.m in Sources */ = {isa = PBXBuildFile; fileRef = 1339FC4D1BD47ECA0066F6EC /* main.m */; };
		1339FC511BD47ECA0066F6EC /* AppDelegate.m in Sources */ = {isa = PBXBuildFile; fileRef = 1339FC501BD47ECA0066F6EC /* AppDelegate.m */; };
		1339FC541BD47ECA0066F6EC /* ViewController.m in Sources */ = {isa = PBXBuildFile; fileRef = 1339FC531BD47ECA0066F6EC /* ViewController.m */; };
		1339FC571BD47ECA0066F6EC /* Main.storyboard in Resources */ = {isa = PBXBuildFile; fileRef = 1339FC551BD47ECA0066F6EC /* Main.storyboard */; };
		1339FC591BD47ECA0066F6EC /* Images.xcassets in Resources */ = {isa = PBXBuildFile; fileRef = 1339FC581BD47ECA0066F6EC /* Images.xcassets */; };
		1339FC5C1BD47ECA0066F6EC /* LaunchScreen.xib in Resources */ = {isa = PBXBuildFile; fileRef = 1339FC5A1BD47ECA0066F6EC /* LaunchScreen.xib */; };
		1339FC681BD47ECA0066F6EC /* BTests.m in Sources */ = {isa = PBXBuildFile; fileRef = 1339FC671BD47ECA0066F6EC /* BTests.m */; };
		1339FC731BD48F390066F6EC /* Utils.m in Sources */ = {isa = PBXBuildFile; fileRef = 1339FC721BD48F390066F6EC /* Utils.m */; };
/* End PBXBuildFile section */

/* Begin PBXContainerItemProxy section */
		1339FC621BD47ECA0066F6EC /* PBXContainerItemProxy */ = {
			isa = PBXContainerItemProxy;
			containerPortal = 1339FC401BD47ECA0066F6EC /* Project object */;
			proxyType = 1;
			remoteGlobalIDString = 1339FC471BD47ECA0066F6EC;
			remoteInfo = B;
		};
/* End PBXContainerItemProxy section */

/* Begin PBXFileReference section */
		1339FC481BD47ECA0066F6EC /* B.app */ = {isa = PBXFileReference; explicitFileType = wrapper.application; includeInIndex = 0; path = B.app; sourceTree = BUILT_PRODUCTS_DIR; };
		1339FC4C1BD47ECA0066F6EC /* Info.plist */ = {isa = PBXFileReference; lastKnownFileType = text.plist.xml; path = Info.plist; sourceTree = "<group>"; };
		1339FC4D1BD47ECA0066F6EC /* main.m */ = {isa = PBXFileReference; lastKnownFileType = sourcecode.c.objc; path = main.m; sourceTree = "<group>"; };
		1339FC4F1BD47ECA0066F6EC /* AppDelegate.h */ = {isa = PBXFileReference; lastKnownFileType = sourcecode.c.h; path = AppDelegate.h; sourceTree = "<group>"; };
		1339FC501BD47ECA0066F6EC /* AppDelegate.m */ = {isa = PBXFileReference; lastKnownFileType = sourcecode.c.objc; path = AppDelegate.m; sourceTree = "<group>"; };
		1339FC521BD47ECA0066F6EC /* ViewController.h */ = {isa = PBXFileReference; lastKnownFileType = sourcecode.c.h; path = ViewController.h; sourceTree = "<group>"; };
		1339FC531BD47ECA0066F6EC /* ViewController.m */ = {isa = PBXFileReference; lastKnownFileType = sourcecode.c.objc; path = ViewController.m; sourceTree = "<group>"; };
		1339FC561BD47ECA0066F6EC /* Base */ = {isa = PBXFileReference; lastKnownFileType = file.storyboard; name = Base; path = Base.lproj/Main.storyboard; sourceTree = "<group>"; };
		1339FC581BD47ECA0066F6EC /* Images.xcassets */ = {isa = PBXFileReference; lastKnownFileType = folder.assetcatalog; path = Images.xcassets; sourceTree = "<group>"; };
		1339FC5B1BD47ECA0066F6EC /* Base */ = {isa = PBXFileReference; lastKnownFileType = file.xib; name = Base; path = Base.lproj/LaunchScreen.xib; sourceTree = "<group>"; };
		1339FC611BD47ECA0066F6EC /* BTests.xctest */ = {isa = PBXFileReference; explicitFileType = wrapper.cfbundle; includeInIndex = 0; path = BTests.xctest; sourceTree = BUILT_PRODUCTS_DIR; };
		1339FC661BD47ECA0066F6EC /* Info.plist */ = {isa = PBXFileReference; lastKnownFileType = text.plist.xml; path = Info.plist; sourceTree = "<group>"; };
		1339FC671BD47ECA0066F6EC /* BTests.m */ = {isa = PBXFileReference; lastKnownFileType = sourcecode.c.objc; path = BTests.m; sourceTree = "<group>"; };
		1339FC711BD48F390066F6EC /* Utils.h */ = {isa = PBXFileReference; fileEncoding = 4; lastKnownFileType = sourcecode.c.h; path = Utils.h; sourceTree = "<group>"; };
		1339FC721BD48F390066F6EC /* Utils.m */ = {isa = PBXFileReference; fileEncoding = 4; lastKnownFileType = sourcecode.c.objc; path = Utils.m; sourceTree = "<group>"; };
/* End PBXFileReference section */

/* Begin PBXFrameworksBuildPhase section */
		1339FC451BD47ECA0066F6EC /* Frameworks */ = {
			isa = PBXFrameworksBuildPhase;
			buildActionMask = 2147483647;
			files = (
			);
			runOnlyForDeploymentPostprocessing = 0;
		};
		1339FC5E1BD47ECA0066F6EC /* Frameworks */ = {
			isa = PBXFrameworksBuildPhase;
			buildActionMask = 2147483647;
			files = (
			);
			runOnlyForDeploymentPostprocessing = 0;
		};
/* End PBXFrameworksBuildPhase section */

/* Begin PBXGroup section */
		1339FC3F1BD47ECA0066F6EC = {
			isa = PBXGroup;
			children = (
				1339FC4A1BD47ECA0066F6EC /* B */,
				1339FC641BD47ECA0066F6EC /* BTests */,
				1339FC491BD47ECA0066F6EC /* Products */,
			);
			sourceTree = "<group>";
		};
		1339FC491BD47ECA0066F6EC /* Products */ = {
			isa = PBXGroup;
			children = (
				1339FC481BD47ECA0066F6EC /* B.app */,
				1339FC611BD47ECA0066F6EC /* BTests.xctest */,
			);
			name = Products;
			sourceTree = "<group>";
		};
		1339FC4A1BD47ECA0066F6EC /* B */ = {
			isa = PBXGroup;
			children = (
				1339FC4F1BD47ECA0066F6EC /* AppDelegate.h */,
				1339FC501BD47ECA0066F6EC /* AppDelegate.m */,
				1339FC521BD47ECA0066F6EC /* ViewController.h */,
				1339FC531BD47ECA0066F6EC /* ViewController.m */,
				1339FC551BD47ECA0066F6EC /* Main.storyboard */,
				1339FC581BD47ECA0066F6EC /* Images.xcassets */,
				1339FC5A1BD47ECA0066F6EC /* LaunchScreen.xib */,
				1339FC4B1BD47ECA0066F6EC /* Supporting Files */,
				1339FC711BD48F390066F6EC /* Utils.h */,
				1339FC721BD48F390066F6EC /* Utils.m */,
			);
			path = B;
			sourceTree = "<group>";
		};
		1339FC4B1BD47ECA0066F6EC /* Supporting Files */ = {
			isa = PBXGroup;
			children = (
				1339FC4C1BD47ECA0066F6EC /* Info.plist */,
				1339FC4D1BD47ECA0066F6EC /* main.m */,
			);
			name = "Supporting Files";
			sourceTree = "<group>";
		};
		1339FC641BD47ECA0066F6EC /* BTests */ = {
			isa = PBXGroup;
			children = (
				1339FC671BD47ECA0066F6EC /* BTests.m */,
				1339FC651BD47ECA0066F6EC /* Supporting Files */,
			);
			path = BTests;
			sourceTree = "<group>";
		};
		1339FC651BD47ECA0066F6EC /* Supporting Files */ = {
			isa = PBXGroup;
			children = (
				1339FC661BD47ECA0066F6EC /* Info.plist */,
			);
			name = "Supporting Files";
			sourceTree = "<group>";
		};
/* End PBXGroup section */

/* Begin PBXNativeTarget section */
		1339FC471BD47ECA0066F6EC /* B */ = {
			isa = PBXNativeTarget;
			buildConfigurationList = 1339FC6B1BD47ECA0066F6EC /* Build configuration list for PBXNativeTarget "B" */;
			buildPhases = (
				1339FC441BD47ECA0066F6EC /* Sources */,
				1339FC451BD47ECA0066F6EC /* Frameworks */,
				1339FC461BD47ECA0066F6EC /* Resources */,
			);
			buildRules = (
			);
			dependencies = (
			);
			name = B;
			productName = B;
			productReference = 1339FC481BD47ECA0066F6EC /* B.app */;
			productType = "com.apple.product-type.application";
		};
		1339FC601BD47ECA0066F6EC /* BTests */ = {
			isa = PBXNativeTarget;
			buildConfigurationList = 1339FC6E1BD47ECA0066F6EC /* Build configuration list for PBXNativeTarget "BTests" */;
			buildPhases = (
				1339FC5D1BD47ECA0066F6EC /* Sources */,
				1339FC5E1BD47ECA0066F6EC /* Frameworks */,
				1339FC5F1BD47ECA0066F6EC /* Resources */,
			);
			buildRules = (
			);
			dependencies = (
				1339FC631BD47ECA0066F6EC /* PBXTargetDependency */,
			);
			name = BTests;
			productName = BTests;
			productReference = 1339FC611BD47ECA0066F6EC /* BTests.xctest */;
			productType = "com.apple.product-type.bundle.unit-test";
		};
/* End PBXNativeTarget section */

/* Begin PBXProject section */
		1339FC401BD47ECA0066F6EC /* Project object */ = {
			isa = PBXProject;
			attributes = {
				LastUpgradeCheck = 0640;
				ORGANIZATIONNAME = hyIm;
				TargetAttributes = {
					1339FC471BD47ECA0066F6EC = {
						CreatedOnToolsVersion = 6.4;
					};
					1339FC601BD47ECA0066F6EC = {
						CreatedOnToolsVersion = 6.4;
						TestTargetID = 1339FC471BD47ECA0066F6EC;
					};
				};
			};
			buildConfigurationList = 1339FC431BD47ECA0066F6EC /* Build configuration list for PBXProject "B" */;
			compatibilityVersion = "Xcode 3.2";
			developmentRegion = English;
			hasScannedForEncodings = 0;
			knownRegions = (
				en,
				Base,
			);
			mainGroup = 1339FC3F1BD47ECA0066F6EC;
			productRefGroup = 1339FC491BD47ECA0066F6EC /* Products */;
			projectDirPath = "";
			projectRoot = "";
			targets = (
				1339FC471BD47ECA0066F6EC /* B */,
				1339FC601BD47ECA0066F6EC /* BTests */,
			);
		};
/* End PBXProject section */

/* Begin PBXResourcesBuildPhase section */
		1339FC461BD47ECA0066F6EC /* Resources */ = {
			isa = PBXResourcesBuildPhase;
			buildActionMask = 2147483647;
			files = (
				1339FC571BD47ECA0066F6EC /* Main.storyboard in Resources */,
				1339FC5C1BD47ECA0066F6EC /* LaunchScreen.xib in Resources */,
				1339FC591BD47ECA0066F6EC /* Images.xcassets in Resources */,
			);
			runOnlyForDeploymentPostprocessing = 0;
		};
		1339FC5F1BD47ECA0066F6EC /* Resources */ = {
			isa = PBXResourcesBuildPhase;
			buildActionMask = 2147483647;
			files = (
			);
			runOnlyForDeploymentPostprocessing = 0;
		};
/* End PBXResourcesBuildPhase section */

/* Begin PBXSourcesBuildPhase section */
		1339FC441BD47ECA0066F6EC /* Sources */ = {
			isa = PBXSourcesBuildPhase;
			buildActionMask = 2147483647;
			files = (
				1339FC541BD47ECA0066F6EC /* ViewController.m in Sources */,
				1339FC511BD47ECA0066F6EC /* AppDelegate.m in Sources */,
				1339FC4E1BD47ECA0066F6EC /* main.m in Sources */,
				1339FC731BD48F390066F6EC /* Utils.m in Sources */,
			);
			runOnlyForDeploymentPostprocessing = 0;
		};
		1339FC5D1BD47ECA0066F6EC /* Sources */ = {
			isa = PBXSourcesBuildPhase;
			buildActionMask = 2147483647;
			files = (
				1339FC681BD47ECA0066F6EC /* BTests.m in Sources */,
			);
			runOnlyForDeploymentPostprocessing = 0;
		};
/* End PBXSourcesBuildPhase section */

/* Begin PBXTargetDependency section */
		1339FC631BD47ECA0066F6EC /* PBXTargetDependency */ = {
			isa = PBXTargetDependency;
			target = 1339FC471BD47ECA0066F6EC /* B */;
			targetProxy = 1339FC621BD47ECA0066F6EC /* PBXContainerItemProxy */;
		};
/* End PBXTargetDependency section */

/* Begin PBXVariantGroup section */
		1339FC551BD47ECA0066F6EC /* Main.storyboard */ = {
			isa = PBXVariantGroup;
			children = (
				1339FC561BD47ECA0066F6EC /* Base */,
			);
			name = Main.storyboard;
			sourceTree = "<group>";
		};
		1339FC5A1BD47ECA0066F6EC /* LaunchScreen.xib */ = {
			isa = PBXVariantGroup;
			children = (
				1339FC5B1BD47ECA0066F6EC /* Base */,
			);
			name = LaunchScreen.xib;
			sourceTree = "<group>";
		};
/* End PBXVariantGroup section */

/* Begin XCBuildConfiguration section */
		1339FC691BD47ECA0066F6EC /* Debug */ = {
			isa = XCBuildConfiguration;
			buildSettings = {
				ALWAYS_SEARCH_USER_PATHS = NO;
				CLANG_CXX_LANGUAGE_STANDARD = "gnu++0x";
				CLANG_CXX_LIBRARY = "libc++";
				CLANG_ENABLE_MODULES = YES;
				CLANG_ENABLE_OBJC_ARC = YES;
				CLANG_WARN_BOOL_CONVERSION = YES;
				CLANG_WARN_CONSTANT_CONVERSION = YES;
				CLANG_WARN_DIRECT_OBJC_ISA_USAGE = YES_ERROR;
				CLANG_WARN_EMPTY_BODY = YES;
				CLANG_WARN_ENUM_CONVERSION = YES;
				CLANG_WARN_INT_CONVERSION = YES;
				CLANG_WARN_OBJC_ROOT_CLASS = YES_ERROR;
				CLANG_WARN_UNREACHABLE_CODE = YES;
				CLANG_WARN__DUPLICATE_METHOD_MATCH = YES;
				"CODE_SIGN_IDENTITY[sdk=iphoneos*]" = "iPhone Developer";
				COPY_PHASE_STRIP = NO;
				DEBUG_INFORMATION_FORMAT = "dwarf-with-dsym";
				ENABLE_STRICT_OBJC_MSGSEND = YES;
				GCC_C_LANGUAGE_STANDARD = gnu99;
				GCC_DYNAMIC_NO_PIC = NO;
				GCC_NO_COMMON_BLOCKS = YES;
				GCC_OPTIMIZATION_LEVEL = 0;
				GCC_PREPROCESSOR_DEFINITIONS = (
					"DEBUG=1",
					"$(inherited)",
				);
				GCC_SYMBOLS_PRIVATE_EXTERN = NO;
				GCC_WARN_64_TO_32_BIT_CONVERSION = YES;
				GCC_WARN_ABOUT_RETURN_TYPE = YES_ERROR;
				GCC_WARN_UNDECLARED_SELECTOR = YES;
				GCC_WARN_UNINITIALIZED_AUTOS = YES_AGGRESSIVE;
				GCC_WARN_UNUSED_FUNCTION = YES;
				GCC_WARN_UNUSED_VARIABLE = YES;
				IPHONEOS_DEPLOYMENT_TARGET = 8.4;
				MTL_ENABLE_DEBUG_INFO = YES;
				ONLY_ACTIVE_ARCH = YES;
				SDKROOT = iphoneos;
			};
			name = Debug;
		};
		1339FC6A1BD47ECA0066F6EC /* Release */ = {
			isa = XCBuildConfiguration;
			buildSettings = {
				ALWAYS_SEARCH_USER_PATHS = NO;
				CLANG_CXX_LANGUAGE_STANDARD = "gnu++0x";
				CLANG_CXX_LIBRARY = "libc++";
				CLANG_ENABLE_MODULES = YES;
				CLANG_ENABLE_OBJC_ARC = YES;
				CLANG_WARN_BOOL_CONVERSION = YES;
				CLANG_WARN_CONSTANT_CONVERSION = YES;
				CLANG_WARN_DIRECT_OBJC_ISA_USAGE = YES_ERROR;
				CLANG_WARN_EMPTY_BODY = YES;
				CLANG_WARN_ENUM_CONVERSION = YES;
				CLANG_WARN_INT_CONVERSION = YES;
				CLANG_WARN_OBJC_ROOT_CLASS = YES_ERROR;
				CLANG_WARN_UNREACHABLE_CODE = YES;
				CLANG_WARN__DUPLICATE_METHOD_MATCH = YES;
				"CODE_SIGN_IDENTITY[sdk=iphoneos*]" = "iPhone Developer";
				COPY_PHASE_STRIP = NO;
				DEBUG_INFORMATION_FORMAT = "dwarf-with-dsym";
				ENABLE_NS_ASSERTIONS = NO;
				ENABLE_STRICT_OBJC_MSGSEND = YES;
				GCC_C_LANGUAGE_STANDARD = gnu99;
				GCC_NO_COMMON_BLOCKS = YES;
				GCC_WARN_64_TO_32_BIT_CONVERSION = YES;
				GCC_WARN_ABOUT_RETURN_TYPE = YES_ERROR;
				GCC_WARN_UNDECLARED_SELECTOR = YES;
				GCC_WARN_UNINITIALIZED_AUTOS = YES_AGGRESSIVE;
				GCC_WARN_UNUSED_FUNCTION = YES;
				GCC_WARN_UNUSED_VARIABLE = YES;
				IPHONEOS_DEPLOYMENT_TARGET = 8.4;
				MTL_ENABLE_DEBUG_INFO = NO;
				SDKROOT = iphoneos;
				VALIDATE_PRODUCT = YES;
			};
			name = Release;
		};
		1339FC6C1BD47ECA0066F6EC /* Debug */ = {
			isa = XCBuildConfiguration;
			buildSettings = {
				ASSETCATALOG_COMPILER_APPICON_NAME = AppIcon;
				INFOPLIST_FILE = B/Info.plist;
				LD_RUNPATH_SEARCH_PATHS = "$(inherited) @executable_path/Frameworks";
				PRODUCT_NAME = "$(TARGET_NAME)";
			};
			name = Debug;
		};
		1339FC6D1BD47ECA0066F6EC /* Release */ = {
			isa = XCBuildConfiguration;
			buildSettings = {
				ASSETCATALOG_COMPILER_APPICON_NAME = AppIcon;
				INFOPLIST_FILE = B/Info.plist;
				LD_RUNPATH_SEARCH_PATHS = "$(inherited) @executable_path/Frameworks";
				PRODUCT_NAME = "$(TARGET_NAME)";
			};
			name = Release;
		};
		1339FC6F1BD47ECA0066F6EC /* Debug */ = {
			isa = XCBuildConfiguration;
			buildSettings = {
				BUNDLE_LOADER = "$(TEST_HOST)";
				FRAMEWORK_SEARCH_PATHS = (
					"$(SDKROOT)/Developer/Library/Frameworks",
					"$(inherited)",
				);
				GCC_PREPROCESSOR_DEFINITIONS = (
					"DEBUG=1",
					"$(inherited)",
				);
				INFOPLIST_FILE = BTests/Info.plist;
				LD_RUNPATH_SEARCH_PATHS = "$(inherited) @executable_path/Frameworks @loader_path/Frameworks";
				PRODUCT_NAME = "$(TARGET_NAME)";
				TEST_HOST = "$(BUILT_PRODUCTS_DIR)/B.app/B";
			};
			name = Debug;
		};
		1339FC701BD47ECA0066F6EC /* Release */ = {
			isa = XCBuildConfiguration;
			buildSettings = {
				BUNDLE_LOADER = "$(TEST_HOST)";
				FRAMEWORK_SEARCH_PATHS = (
					"$(SDKROOT)/Developer/Library/Frameworks",
					"$(inherited)",
				);
				INFOPLIST_FILE = BTests/Info.plist;
				LD_RUNPATH_SEARCH_PATHS = "$(inherited) @executable_path/Frameworks @loader_path/Frameworks";
				PRODUCT_NAME = "$(TARGET_NAME)";
				TEST_HOST = "$(BUILT_PRODUCTS_DIR)/B.app/B";
			};
			name = Release;
		};
/* End XCBuildConfiguration section */

/* Begin XCConfigurationList section */
		1339FC431BD47ECA0066F6EC /* Build configuration list for PBXProject "B" */ = {
			isa = XCConfigurationList;
			buildConfigurations = (
				1339FC691BD47ECA0066F6EC /* Debug */,
				1339FC6A1BD47ECA0066F6EC /* Release */,
			);
			defaultConfigurationIsVisible = 0;
			defaultConfigurationName = Release;
		};
		1339FC6B1BD47ECA0066F6EC /* Build configuration list for PBXNativeTarget "B" */ = {
			isa = XCConfigurationList;
			buildConfigurations = (
				1339FC6C1BD47ECA0066F6EC /* Debug */,
				1339FC6D1BD47ECA0066F6EC /* Release */,
			);
			defaultConfigurationIsVisible = 0;
		};
		1339FC6E1BD47ECA0066F6EC /* Build configuration list for PBXNativeTarget "BTests" */ = {
			isa = XCConfigurationList;
			buildConfigurations = (
				1339FC6F1BD47ECA0066F6EC /* Debug */,
				1339FC701BD47ECA0066F6EC /* Release */,
			);
			defaultConfigurationIsVisible = 0;
		};
/* End XCConfigurationList section */
	};
	rootObject = 1339FC401BD47ECA0066F6EC /* Project object */;
}
